
Microsoft Visual Studio Solution File, Format Version 12.00
# Visual Studio Version 17
VisualStudioVersion = 17.6.33815.320
MinimumVisualStudioVersion = 10.0.40219.1
Project("{9A19103F-16F7-4668-BE54-9A1E7A4F7556}") = "GrpcServer", "GrpcServer\GrpcServer.csproj", "{BFF7AB59-E9E5-44C9-BB55-6CB88ECED974}"
EndProject
Project("{9A19103F-16F7-4668-BE54-9A1E7A4F7556}") = "GrpcClient", "GrpcClient\GrpcClient.csproj", "{7A9F4581-AC0C-4130-998B-FC990CD461CB}"
EndProject
Project("{2150E333-8FDC-42A3-9474-1A3956D46DE8}") = "gRPC İle File Upload ve File Download Uygulaması", "gRPC İle File Upload ve File Download Uygulaması", "{D86C842A-330B-4E04-9B34-C12B00A995E8}"
EndProject
Project("{9A19103F-16F7-4668-BE54-9A1E7A4F7556}") = "GrpcServer", "gRPC İle File Upload ve File Download Uygulaması\GrpcServer\GrpcServer.csproj", "{8F3BB09E-3679-45E2-A8A6-01ED382230DA}"
EndProject
Project("{FAE04EC0-301F-11D3-BF4B-00C04F79EFBC}") = "GrpcClientDowland", "gRPC İle File Upload ve File Download Uygulaması\GrpcClientDowland\GrpcClientDowland.csproj", "{F25DCD07-BEA1-4167-9992-22700CA52606}"
EndProject
Project("{FAE04EC0-301F-11D3-BF4B-00C04F79EFBC}") = "GrpcClientUpload", "gRPC İle File Upload ve File Download Uygulaması\GrpcClientUpload\GrpcClientUpload.csproj", "{256F7769-C9C3-4804-A33B-BE40EE3A93B4}"
EndProject
Global
	GlobalSection(SolutionConfigurationPlatforms) = preSolution
		Debug|Any CPU = Debug|Any CPU
		Release|Any CPU = Release|Any CPU
	EndGlobalSection
	GlobalSection(ProjectConfigurationPlatforms) = postSolution
		{BFF7AB59-E9E5-44C9-BB55-6CB88ECED974}.Debug|Any CPU.ActiveCfg = Debug|Any CPU
		{BFF7AB59-E9E5-44C9-BB55-6CB88ECED974}.Debug|Any CPU.Build.0 = Debug|Any CPU
		{BFF7AB59-E9E5-44C9-BB55-6CB88ECED974}.Release|Any CPU.ActiveCfg = Release|Any CPU
		{BFF7AB59-E9E5-44C9-BB55-6CB88ECED974}.Release|Any CPU.Build.0 = Release|Any CPU
		{7A9F4581-AC0C-4130-998B-FC990CD461CB}.Debug|Any CPU.ActiveCfg = Debug|Any CPU
		{7A9F4581-AC0C-4130-998B-FC990CD461CB}.Debug|Any CPU.Build.0 = Debug|Any CPU
		{7A9F4581-AC0C-4130-998B-FC990CD461CB}.Release|Any CPU.ActiveCfg = Release|Any CPU
		{7A9F4581-AC0C-4130-998B-FC990CD461CB}.Release|Any CPU.Build.0 = Release|Any CPU
		{8F3BB09E-3679-45E2-A8A6-01ED382230DA}.Debug|Any CPU.ActiveCfg = Debug|Any CPU
		{8F3BB09E-3679-45E2-A8A6-01ED382230DA}.Debug|Any CPU.Build.0 = Debug|Any CPU
		{8F3BB09E-3679-45E2-A8A6-01ED382230DA}.Release|Any CPU.ActiveCfg = Release|Any CPU
		{8F3BB09E-3679-45E2-A8A6-01ED382230DA}.Release|Any CPU.Build.0 = Release|Any CPU
		{F25DCD07-BEA1-4167-9992-22700CA52606}.Debug|Any CPU.ActiveCfg = Debug|Any CPU
		{F25DCD07-BEA1-4167-9992-22700CA52606}.Debug|Any CPU.Build.0 = Debug|Any CPU
		{F25DCD07-BEA1-4167-9992-22700CA52606}.Release|Any CPU.ActiveCfg = Release|Any CPU
		{F25DCD07-BEA1-4167-9992-22700CA52606}.Release|Any CPU.Build.0 = Release|Any CPU
		{256F7769-C9C3-4804-A33B-BE40EE3A93B4}.Debug|Any CPU.ActiveCfg = Debug|Any CPU
		{256F7769-C9C3-4804-A33B-BE40EE3A93B4}.Debug|Any CPU.Build.0 = Debug|Any CPU
		{256F7769-C9C3-4804-A33B-BE40EE3A93B4}.Release|Any CPU.ActiveCfg = Release|Any CPU
		{256F7769-C9C3-4804-A33B-BE40EE3A93B4}.Release|Any CPU.Build.0 = Release|Any CPU
	EndGlobalSection
	GlobalSection(SolutionProperties) = preSolution
		HideSolutionNode = FALSE
	EndGlobalSection
	GlobalSection(NestedProjects) = preSolution
		{8F3BB09E-3679-45E2-A8A6-01ED382230DA} = {D86C842A-330B-4E04-9B34-C12B00A995E8}
		{F25DCD07-BEA1-4167-9992-22700CA52606} = {D86C842A-330B-4E04-9B34-C12B00A995E8}
		{256F7769-C9C3-4804-A33B-BE40EE3A93B4} = {D86C842A-330B-4E04-9B34-C12B00A995E8}
	EndGlobalSection
	GlobalSection(ExtensibilityGlobals) = postSolution
		SolutionGuid = {043846B2-68C9-45C0-A8E7-56A4296CCF9F}
	EndGlobalSection
EndGlobal
